Microsoft Visual Studio Solution File, Format Version 12.00
# Visual Studio Version 17
VisualStudioVersion = 17.5.2.0
MinimumVisualStudioVersion = 10.0.40219.1
Project("{FAE04EC0-301F-11D3-BF4B-00C04F79EFBC}") = "MvcMovie", "MvcMovie\MvcMovie.csproj", "{2DEFF9CC-9944-B768-34D4-8C2B2CCE796B}"
EndProject
Global
	GlobalSection(SolutionConfigurationPlatforms) = preSolution
		Debug|Any CPU = Debug|Any CPU
		Release|Any CPU = Release|Any CPU
	EndGlobalSection
	GlobalSection(ProjectConfigurationPlatforms) = postSolution
		{2DEFF9CC-9944-B768-34D4-8C2B2CCE796B}.Debug|Any CPU.ActiveCfg = Debug|Any CPU
		{2DEFF9CC-9944-B768-34D4-8C2B2CCE796B}.Debug|Any CPU.Build.0 = Debug|Any CPU
		{2DEFF9CC-9944-B768-34D4-8C2B2CCE796B}.Release|Any CPU.ActiveCfg = Release|Any CPU
		{2DEFF9CC-9944-B768-34D4-8C2B2CCE796B}.Release|Any CPU.Build.0 = Release|Any CPU
	EndGlobalSection
	GlobalSection(SolutionProperties) = preSolution
		HideSolutionNode = FALSE
	EndGlobalSection
	GlobalSection(NestedProjects) = preSolution
		{2DEFF9CC-9944-B768-34D4-8C2B2CCE796B} = {827E0CD3-B72D-47B6-A68D-7590B98EB39B}
	EndGlobalSection
	GlobalSection(ExtensibilityGlobals) = postSolution
		SolutionGuid = {8C742073-8165-4722-9E07-643272BF642B}
	EndGlobalSection
EndGlobal
